
Microsoft Visual Studio Solution File, Format Version 12.00
# Visual Studio Version 17
VisualStudioVersion = 17.0.31903.59
MinimumVisualStudioVersion = 10.0.40219.1
Project("{2150E333-8FDC-42A3-9474-1A3956D46DE8}") = "src", "src", "{827E0CD3-B72D-47B6-A68D-7590B98EB39B}"
EndProject
Project("{FAE04EC0-301F-11D3-BF4B-00C04F79EFBC}") = "BlazorTeacher.Api", "src\BlazorTeacher.Api\BlazorTeacher.Api.csproj", "{E1D9C2A6-4E4F-4002-B39D-223CD2807E63}"
EndProject
Project("{FAE04EC0-301F-11D3-BF4B-00C04F79EFBC}") = "BlazorTeacher.Dashboard", "src\BlazorTeacher.Dashboard\BlazorTeacher.Dashboard.csproj", "{DCFB6D79-D05D-4B9E-9093-BFFD5B5E5304}"
EndProject
Project("{FAE04EC0-301F-11D3-BF4B-00C04F79EFBC}") = "BlazorTeacher.Shared", "src\BlazorTeacher.Shared\BlazorTeacher.Shared.csproj", "{6E9C83C4-C4B6-48DA-9E80-9A1C8C7AA784}"
EndProject
Global
	GlobalSection(SolutionConfigurationPlatforms) = preSolution
		Debug|Any CPU = Debug|Any CPU
		Debug|x64 = Debug|x64
		Debug|x86 = Debug|x86
		Release|Any CPU = Release|Any CPU
		Release|x64 = Release|x64
		Release|x86 = Release|x86
	EndGlobalSection
	GlobalSection(ProjectConfigurationPlatforms) = postSolution
		{E1D9C2A6-4E4F-4002-B39D-223CD2807E63}.Debug|Any CPU.ActiveCfg = Debug|Any CPU
		{E1D9C2A6-4E4F-4002-B39D-223CD2807E63}.Debug|Any CPU.Build.0 = Debug|Any CPU
		{E1D9C2A6-4E4F-4002-B39D-223CD2807E63}.Debug|x64.ActiveCfg = Debug|Any CPU
		{E1D9C2A6-4E4F-4002-B39D-223CD2807E63}.Debug|x64.Build.0 = Debug|Any CPU
		{E1D9C2A6-4E4F-4002-B39D-223CD2807E63}.Debug|x86.ActiveCfg = Debug|Any CPU
		{E1D9C2A6-4E4F-4002-B39D-223CD2807E63}.Debug|x86.Build.0 = Debug|Any CPU
		{E1D9C2A6-4E4F-4002-B39D-223CD2807E63}.Release|Any CPU.ActiveCfg = Release|Any CPU
		{E1D9C2A6-4E4F-4002-B39D-223CD2807E63}.Release|Any CPU.Build.0 = Release|Any CPU
		{E1D9C2A6-4E4F-4002-B39D-223CD2807E63}.Release|x64.ActiveCfg = Release|Any CPU
		{E1D9C2A6-4E4F-4002-B39D-223CD2807E63}.Release|x64.Build.0 = Release|Any CPU
		{E1D9C2A6-4E4F-4002-B39D-223CD2807E63}.Release|x86.ActiveCfg = Release|Any CPU
		{E1D9C2A6-4E4F-4002-B39D-223CD2807E63}.Release|x86.Build.0 = Release|Any CPU
		{DCFB6D79-D05D-4B9E-9093-BFFD5B5E5304}.Debug|Any CPU.ActiveCfg = Debug|Any CPU
		{DCFB6D79-D05D-4B9E-9093-BFFD5B5E5304}.Debug|Any CPU.Build.0 = Debug|Any CPU
		{DCFB6D79-D05D-4B9E-9093-BFFD5B5E5304}.Debug|x64.ActiveCfg = Debug|Any CPU
		{DCFB6D79-D05D-4B9E-9093-BFFD5B5E5304}.Debug|x64.Build.0 = Debug|Any CPU
		{DCFB6D79-D05D-4B9E-9093-BFFD5B5E5304}.Debug|x86.ActiveCfg = Debug|Any CPU
		{DCFB6D79-D05D-4B9E-9093-BFFD5B5E5304}.Debug|x86.Build.0 = Debug|Any CPU
		{DCFB6D79-D05D-4B9E-9093-BFFD5B5E5304}.Release|Any CPU.ActiveCfg = Release|Any CPU
		{DCFB6D79-D05D-4B9E-9093-BFFD5B5E5304}.Release|Any CPU.Build.0 = Release|Any CPU
		{DCFB6D79-D05D-4B9E-9093-BFFD5B5E5304}.Release|x64.ActiveCfg = Release|Any CPU
		{DCFB6D79-D05D-4B9E-9093-BFFD5B5E5304}.Release|x64.Build.0 = Release|Any CPU
		{DCFB6D79-D05D-4B9E-9093-BFFD5B5E5304}.Release|x86.ActiveCfg = Release|Any CPU
		{DCFB6D79-D05D-4B9E-9093-BFFD5B5E5304}.Release|x86.Build.0 = Release|Any CPU
		{6E9C83C4-C4B6-48DA-9E80-9A1C8C7AA784}.Debug|Any CPU.ActiveCfg = Debug|Any CPU
		{6E9C83C4-C4B6-48DA-9E80-9A1C8C7AA784}.Debug|Any CPU.Build.0 = Debug|Any CPU
		{6E9C83C4-C4B6-48DA-9E80-9A1C8C7AA784}.Debug|x64.ActiveCfg = Debug|Any CPU
		{6E9C83C4-C4B6-48DA-9E80-9A1C8C7AA784}.Debug|x64.Build.0 = Debug|Any CPU
		{6E9C83C4-C4B6-48DA-9E80-9A1C8C7AA784}.Debug|x86.ActiveCfg = Debug|Any CPU
		{6E9C83C4-C4B6-48DA-9E80-9A1C8C7AA784}.Debug|x86.Build.0 = Debug|Any CPU
		{6E9C83C4-C4B6-48DA-9E80-9A1C8C7AA784}.Release|Any CPU.ActiveCfg = Release|Any CPU
		{6E9C83C4-C4B6-48DA-9E80-9A1C8C7AA784}.Release|Any CPU.Build.0 = Release|Any CPU
		{6E9C83C4-C4B6-48DA-9E80-9A1C8C7AA784}.Release|x64.ActiveCfg = Release|Any CPU
		{6E9C83C4-C4B6-48DA-9E80-9A1C8C7AA784}.Release|x64.Build.0 = Release|Any CPU
		{6E9C83C4-C4B6-48DA-9E80-9A1C8C7AA784}.Release|x86.ActiveCfg = Release|Any CPU
		{6E9C83C4-C4B6-48DA-9E80-9A1C8C7AA784}.Release|x86.Build.0 = Release|Any CPU
	EndGlobalSection
	GlobalSection(SolutionProperties) = preSolution
		HideSolutionNode = FALSE
	EndGlobalSection
	GlobalSection(NestedProjects) = preSolution
		{E1D9C2A6-4E4F-4002-B39D-223CD2807E63} = {827E0CD3-B72D-47B6-A68D-7590B98EB39B}
		{DCFB6D79-D05D-4B9E-9093-BFFD5B5E5304} = {827E0CD3-B72D-47B6-A68D-7590B98EB39B}
		{6E9C83C4-C4B6-48DA-9E80-9A1C8C7AA784} = {827E0CD3-B72D-47B6-A68D-7590B98EB39B}
	EndGlobalSection
EndGlobal
